
Microsoft Visual Studio Solution File, Format Version 12.00
# Visual Studio Version 16
VisualStudioVersion = 16.0.30413.136
MinimumVisualStudioVersion = 10.0.40219.1
Project("{9A19103F-16F7-4668-BE54-9A1E7A4F7556}") = "EF6.Utils", "EF6.Utils\EF6.Utils.csproj", "{91D7CCA0-B98E-4A66-926F-B4AEAA393329}"
EndProject
Project("{FAE04EC0-301F-11D3-BF4B-00C04F79EFBC}") = "EF6.Utils.Demo", "EF6.Utils.Demo\EF6.Utils.Demo.csproj", "{9E98AAF5-2C08-402A-834A-3A5085E96EFC}"
EndProject
Project("{FAE04EC0-301F-11D3-BF4B-00C04F79EFBC}") = "EF6.Utils.Demo.Data", "EF6.Utils.Demo.Data\EF6.Utils.Demo.Data.csproj", "{D61D980E-3999-44AE-9F03-256ACD42EB67}"
EndProject
Project("{9A19103F-16F7-4668-BE54-9A1E7A4F7556}") = "EF6.Utils.Tests", "EF6.Utils.Tests\EF6.Utils.Tests.csproj", "{A3F3A0E8-C8B5-40E2-998E-44735C35CA58}"
EndProject
Project("{2150E333-8FDC-42A3-9474-1A3956D46DE8}") = "Solution Items", "Solution Items", "{15B97043-45DD-43FD-88CE-B30BEAA68F97}"
	ProjectSection(SolutionItems) = preProject
		.gitattributes = .gitattributes
		.gitignore = .gitignore
		README.md = README.md
	EndProjectSection
EndProject
Project("{9A19103F-16F7-4668-BE54-9A1E7A4F7556}") = "_build", "build\_build.csproj", "{4676A58E-D998-4E8D-82C4-AFA5C80CB3C8}"
EndProject
Global
	GlobalSection(SolutionConfigurationPlatforms) = preSolution
		Debug|Any CPU = Debug|Any CPU
		Release|Any CPU = Release|Any CPU
	EndGlobalSection
	GlobalSection(ProjectConfigurationPlatforms) = postSolution
		{4676A58E-D998-4E8D-82C4-AFA5C80CB3C8}.Debug|Any CPU.ActiveCfg = Debug|Any CPU
		{4676A58E-D998-4E8D-82C4-AFA5C80CB3C8}.Release|Any CPU.ActiveCfg = Release|Any CPU
		{91D7CCA0-B98E-4A66-926F-B4AEAA393329}.Debug|Any CPU.ActiveCfg = Debug|Any CPU
		{91D7CCA0-B98E-4A66-926F-B4AEAA393329}.Debug|Any CPU.Build.0 = Debug|Any CPU
		{91D7CCA0-B98E-4A66-926F-B4AEAA393329}.Release|Any CPU.ActiveCfg = Release|Any CPU
		{91D7CCA0-B98E-4A66-926F-B4AEAA393329}.Release|Any CPU.Build.0 = Release|Any CPU
		{9E98AAF5-2C08-402A-834A-3A5085E96EFC}.Debug|Any CPU.ActiveCfg = Debug|Any CPU
		{9E98AAF5-2C08-402A-834A-3A5085E96EFC}.Debug|Any CPU.Build.0 = Debug|Any CPU
		{9E98AAF5-2C08-402A-834A-3A5085E96EFC}.Release|Any CPU.ActiveCfg = Release|Any CPU
		{9E98AAF5-2C08-402A-834A-3A5085E96EFC}.Release|Any CPU.Build.0 = Release|Any CPU
		{D61D980E-3999-44AE-9F03-256ACD42EB67}.Debug|Any CPU.ActiveCfg = Debug|Any CPU
		{D61D980E-3999-44AE-9F03-256ACD42EB67}.Debug|Any CPU.Build.0 = Debug|Any CPU
		{D61D980E-3999-44AE-9F03-256ACD42EB67}.Release|Any CPU.ActiveCfg = Release|Any CPU
		{D61D980E-3999-44AE-9F03-256ACD42EB67}.Release|Any CPU.Build.0 = Release|Any CPU
		{A3F3A0E8-C8B5-40E2-998E-44735C35CA58}.Debug|Any CPU.ActiveCfg = Debug|Any CPU
		{A3F3A0E8-C8B5-40E2-998E-44735C35CA58}.Debug|Any CPU.Build.0 = Debug|Any CPU
		{A3F3A0E8-C8B5-40E2-998E-44735C35CA58}.Release|Any CPU.ActiveCfg = Release|Any CPU
		{A3F3A0E8-C8B5-40E2-998E-44735C35CA58}.Release|Any CPU.Build.0 = Release|Any CPU
	EndGlobalSection
	GlobalSection(SolutionProperties) = preSolution
		HideSolutionNode = FALSE
	EndGlobalSection
	GlobalSection(ExtensibilityGlobals) = postSolution
		SolutionGuid = {2844CED1-03D0-4E0D-BA46-9A0A188D909C}
	EndGlobalSection
EndGlobal
